schema: '2.0'
stages:
  preprocess:
    cmd: python src/preprocess.py
    deps:
    - path: data/raw/data.csv
      hash: md5
      md5: 739f3c9177b13d1c15aa060046cfb023
      size: 23872
    - path: src/preprocess.py
      hash: md5
      md5: b21ffe6cca27c5ce9cd27974b3ee0576
      size: 472
    params:
      params.yaml:
        preprocess.input: data/raw/data.csv
        preprocess.output: data/preprocess/data.csv
    outs:
    - path: data/preprocess/data.csv
      hash: md5
      md5: 40c8685fe8743b4b196f3dd1a6fe50c6
      size: 23192
  train:
    cmd: python src/train.py
    deps:
    - path: data/raw/data.csv
      hash: md5
      md5: 739f3c9177b13d1c15aa060046cfb023
      size: 23872
    - path: src/train.py
      hash: md5
      md5: a1d2ca398f12ff2214ad2c3b64b241d1
      size: 3483
    params:
      params.yaml:
        train.data: data/raw/data.csv
        train.max_depth: 5
        train.model: models/model.pkl
        train.n_estimators: 100
        train.random_state: 17
    outs:
    - path: models/model.pkl
      hash: md5
      md5: 499254462a5662fb9350d162863ebb86
      size: 392561
  evaluate:
    cmd: python src/evaluate.py
    deps:
    - path: data/raw/data.csv
      hash: md5
      md5: 739f3c9177b13d1c15aa060046cfb023
      size: 23872
    - path: models/model.pkl
      hash: md5
      md5: 499254462a5662fb9350d162863ebb86
      size: 392561
    - path: src/evaluate.py
      hash: md5
      md5: 9499a06b5ba1ceafeca66c4bb8fa0a40
      size: 1076
